
Microsoft Visual Studio Solution File, Format Version 12.00
# Visual Studio Version 17
VisualStudioVersion = 17.5.33424.131
MinimumVisualStudioVersion = 10.0.40219.1
Project("{FAE04EC0-301F-11D3-BF4B-00C04F79EFBC}") = "API-Webshop-MSPR", "API-Webshop-MSPR\API-Webshop-MSPR.csproj", "{77482339-243D-4559-AABC-822FBA32F20C}"
EndProject
Global
	GlobalSection(SolutionConfigurationPlatforms) = preSolution
		Debug|Any CPU = Debug|Any CPU
		Release|Any CPU = Release|Any CPU
	EndGlobalSection
	GlobalSection(ProjectConfigurationPlatforms) = postSolution
		{77482339-243D-4559-AABC-822FBA32F20C}.Debug|Any CPU.ActiveCfg = Debug|Any CPU
		{77482339-243D-4559-AABC-822FBA32F20C}.Debug|Any CPU.Build.0 = Debug|Any CPU
		{77482339-243D-4559-AABC-822FBA32F20C}.Release|Any CPU.ActiveCfg = Release|Any CPU
		{77482339-243D-4559-AABC-822FBA32F20C}.Release|Any CPU.Build.0 = Release|Any CPU
	EndGlobalSection
	GlobalSection(SolutionProperties) = preSolution
		HideSolutionNode = FALSE
	EndGlobalSection
	GlobalSection(ExtensibilityGlobals) = postSolution
		SolutionGuid = {E421A63A-152F-4C35-8335-F09842F72724}
	EndGlobalSection
EndGlobal
